{
	"requires": true,
	"lockfileVersion": 1,
	"dependencies": {
		"cp-file": {
			"version": "7.0.0",
			"resolved": "https://registry.npmjs.org/cp-file/-/cp-file-7.0.0.tgz",
			"integrity": "sha512-0Cbj7gyvFVApzpK/uhCtQ/9kE9UnYpxMzaq5nQQC/Dh4iaj5fxp7iEFIullrYwzj8nf0qnsI1Qsx34hAeAebvw==",
			"requires": {
				"graceful-fs": "^4.1.2",
				"make-dir": "^3.0.0",
				"nested-error-stacks": "^2.0.0",
				"p-event": "^4.1.0"
			}
		},
		"graceful-fs": {
			"version": "4.2.3",
			"resolved": "https://registry.npmjs.org/graceful-fs/-/graceful-fs-4.2.3.tgz",
			"integrity": "sha512-a30VEBm4PEdx1dRB7MFK7BejejvCvBronbLjht+sHuGYj8PHs7M/5Z+rt5lw551vZ7yfTCj4Vuyy3mSJytDWRQ=="
		},
		"make-dir": {
			"version": "3.0.0",
			"resolved": "https://registry.npmjs.org/make-dir/-/make-dir-3.0.0.tgz",
			"integrity": "sha512-grNJDhb8b1Jm1qeqW5R/O63wUo4UXo2v2HMic6YT9i/HBlF93S8jkMgH7yugvY9ABDShH4VZMn8I+U8+fCNegw==",
			"requires": {
				"semver": "^6.0.0"
			}
		},
		"nested-error-stacks": {
			"version": "2.1.0",
			"resolved": "https://registry.npmjs.org/nested-error-stacks/-/nested-error-stacks-2.1.0.tgz",
			"integrity": "sha512-AO81vsIO1k1sM4Zrd6Hu7regmJN1NSiAja10gc4bX3F0wd+9rQmcuHQaHVQCYIEC8iFXnE+mavh23GOt7wBgug=="
		},
		"p-event": {
			"version": "4.1.0",
			"resolved": "https://registry.npmjs.org/p-event/-/p-event-4.1.0.tgz",
			"integrity": "sha512-4vAd06GCsgflX4wHN1JqrMzBh/8QZ4j+rzp0cd2scXRwuBEv+QR3wrVA5aLhWDLw4y2WgDKvzWF3CCLmVM1UgA==",
			"requires": {
				"p-timeout": "^2.0.1"
			}
		},
		"p-finally": {
			"version": "1.0.0",
			"resolved": "https://registry.npmjs.org/p-finally/-/p-finally-1.0.0.tgz",
			"integrity": "sha1-P7z7FbiZpEEjs0ttzBi3JDNqLK4="
		},
		"p-timeout": {
			"version": "2.0.1",
			"resolved": "https://registry.npmjs.org/p-timeout/-/p-timeout-2.0.1.tgz",
			"integrity": "sha512-88em58dDVB/KzPEx1X0N3LwFfYZPyDc4B6eF38M1rk9VTZMbxXXgjugz8mmwpS9Ox4BDZ+t6t3QP5+/gazweIA==",
			"requires": {
				"p-finally": "^1.0.0"
			}
		},
		"semver": {
			"version": "6.3.0",
			"resolved": "https://registry.npmjs.org/semver/-/semver-6.3.0.tgz",
			"integrity": "sha512-b39TBaTSfV6yBrapU89p5fKekE2m/NwnDocOVruQFS1/veMgdzuPcnOM34M6CwxW8jH/lxEa5rBoDeUwu5HHTw=="
		},
		"terminal.css": {
			"version": "0.7.1",
			"resolved": "https://registry.npmjs.org/terminal.css/-/terminal.css-0.7.1.tgz",
			"integrity": "sha512-yYINde4CzCDSE/H5ioZlPhvGxAcEHDo5LCSnkEgyH4w0wM7/qTdnexAIgWRZs4oQHobYVB2V2GQiYt0zj4endA==",
			"requires": {
				"cp-file": "^7.0.0"
			}
		}
	}
}
